
Microsoft Visual Studio Solution File, Format Version 12.00
# Visual Studio Version 17
VisualStudioVersion = 17.6.33829.357
MinimumVisualStudioVersion = 10.0.40219.1
Project("{FAE04EC0-301F-11D3-BF4B-00C04F79EFBC}") = "Bloby.Api", "Bloby.Api\Bloby.Api.csproj", "{923DA454-C24C-4F16-8520-4100187A1314}"
EndProject
Project("{FAE04EC0-301F-11D3-BF4B-00C04F79EFBC}") = "Application", "Application\Application.csproj", "{295976C4-84D6-4DEF-AFBA-DCD7B3E86640}"
EndProject
Project("{FAE04EC0-301F-11D3-BF4B-00C04F79EFBC}") = "Infra", "Infra\Infra.csproj", "{BD20FD1C-A6C4-467A-A4AB-3642BD0E810A}"
EndProject
Global
	GlobalSection(SolutionConfigurationPlatforms) = preSolution
		Debug|Any CPU = Debug|Any CPU
		Release|Any CPU = Release|Any CPU
	EndGlobalSection
	GlobalSection(ProjectConfigurationPlatforms) = postSolution
		{923DA454-C24C-4F16-8520-4100187A1314}.Debug|Any CPU.ActiveCfg = Debug|Any CPU
		{923DA454-C24C-4F16-8520-4100187A1314}.Debug|Any CPU.Build.0 = Debug|Any CPU
		{923DA454-C24C-4F16-8520-4100187A1314}.Release|Any CPU.ActiveCfg = Release|Any CPU
		{923DA454-C24C-4F16-8520-4100187A1314}.Release|Any CPU.Build.0 = Release|Any CPU
		{295976C4-84D6-4DEF-AFBA-DCD7B3E86640}.Debug|Any CPU.ActiveCfg = Debug|Any CPU
		{295976C4-84D6-4DEF-AFBA-DCD7B3E86640}.Debug|Any CPU.Build.0 = Debug|Any CPU
		{295976C4-84D6-4DEF-AFBA-DCD7B3E86640}.Release|Any CPU.ActiveCfg = Release|Any CPU
		{295976C4-84D6-4DEF-AFBA-DCD7B3E86640}.Release|Any CPU.Build.0 = Release|Any CPU
		{BD20FD1C-A6C4-467A-A4AB-3642BD0E810A}.Debug|Any CPU.ActiveCfg = Debug|Any CPU
		{BD20FD1C-A6C4-467A-A4AB-3642BD0E810A}.Debug|Any CPU.Build.0 = Debug|Any CPU
		{BD20FD1C-A6C4-467A-A4AB-3642BD0E810A}.Release|Any CPU.ActiveCfg = Release|Any CPU
		{BD20FD1C-A6C4-467A-A4AB-3642BD0E810A}.Release|Any CPU.Build.0 = Release|Any CPU
	EndGlobalSection
	GlobalSection(SolutionProperties) = preSolution
		HideSolutionNode = FALSE
	EndGlobalSection
	GlobalSection(ExtensibilityGlobals) = postSolution
		SolutionGuid = {70BD4B4C-61F0-476D-9B68-8DAB486E80A0}
	EndGlobalSection
EndGlobal
